
Microsoft Visual Studio Solution File, Format Version 12.00
# Visual Studio 15
Project("{FAE04EC0-301F-11D3-BF4B-00C04F79EFBC}") = "UnityEngine.TestRunner", "UnityEngine.TestRunner.csproj", "{6F96E770-35EE-E5FD-80D2-1A2D487C5EB2}"
EndProject
Project("{FAE04EC0-301F-11D3-BF4B-00C04F79EFBC}") = "Assembly-CSharp", "Assembly-CSharp.csproj", "{77BB0C59-6EDF-441D-78FC-8511ED0AC6CC}"
EndProject
Project("{FAE04EC0-301F-11D3-BF4B-00C04F79EFBC}") = "Unity.Timeline", "Unity.Timeline.csproj", "{8CB81505-3B42-77A2-FC73-F105F33F134E}"
EndProject
Project("{FAE04EC0-301F-11D3-BF4B-00C04F79EFBC}") = "Unity.TextMeshPro", "Unity.TextMeshPro.csproj", "{E990DED0-D259-90C1-297A-959222D59E53}"
EndProject
Project("{FAE04EC0-301F-11D3-BF4B-00C04F79EFBC}") = "UnityEditor.TestRunner", "UnityEditor.TestRunner.csproj", "{23B44E36-E8F8-35E2-1AB8-E2864655F1AB}"
EndProject
Project("{FAE04EC0-301F-11D3-BF4B-00C04F79EFBC}") = "Unity.PlasticSCM.Editor", "Unity.PlasticSCM.Editor.csproj", "{DAED02CB-8B63-26CC-B1A5-7D72A50E53A4}"
EndProject
Project("{FAE04EC0-301F-11D3-BF4B-00C04F79EFBC}") = "Unity.Services.Core.Editor", "Unity.Services.Core.Editor.csproj", "{DFA3C4C9-887E-96A5-766B-FE49DC1B8F01}"
EndProject
Project("{FAE04EC0-301F-11D3-BF4B-00C04F79EFBC}") = "Unity.Timeline.Editor", "Unity.Timeline.Editor.csproj", "{A12AA1D4-4D81-0920-6554-870E6C5EADAB}"
EndProject
Project("{FAE04EC0-301F-11D3-BF4B-00C04F79EFBC}") = "Unity.VisualStudio.Editor", "Unity.VisualStudio.Editor.csproj", "{DBC752B0-776E-BCDA-ADCF-8460022AA68F}"
EndProject
Project("{FAE04EC0-301F-11D3-BF4B-00C04F79EFBC}") = "Unity.TextMeshPro.Editor", "Unity.TextMeshPro.Editor.csproj", "{C6D46E3A-3D32-F695-F073-C59D6DDF9D0D}"
EndProject
Project("{FAE04EC0-301F-11D3-BF4B-00C04F79EFBC}") = "Unity.CollabProxy.Editor", "Unity.CollabProxy.Editor.csproj", "{14205527-4253-255D-6DE8-5E053074FA0B}"
EndProject
Project("{FAE04EC0-301F-11D3-BF4B-00C04F79EFBC}") = "Unity.Rider.Editor", "Unity.Rider.Editor.csproj", "{5A8574ED-81C4-69F4-82CA-227E1277306E}"
EndProject
Project("{FAE04EC0-301F-11D3-BF4B-00C04F79EFBC}") = "Unity.VSCode.Editor", "Unity.VSCode.Editor.csproj", "{90AFC353-E438-E5D1-2FF0-94CED7397A71}"
EndProject
Project("{FAE04EC0-301F-11D3-BF4B-00C04F79EFBC}") = "UnityEngine.TestRunner", "UnityEngine.TestRunner.Player.csproj", "{A4863BC1-50A1-8E4E-EC76-9EB6BBDE0D67}"
EndProject
Project("{FAE04EC0-301F-11D3-BF4B-00C04F79EFBC}") = "Assembly-CSharp", "Assembly-CSharp.Player.csproj", "{CBCAA174-BA5E-C0CE-A999-F13361262A84}"
EndProject
Project("{FAE04EC0-301F-11D3-BF4B-00C04F79EFBC}") = "Unity.Timeline", "Unity.Timeline.Player.csproj", "{2DE0651E-4254-D600-51AC-281DD47CB680}"
EndProject
Project("{FAE04EC0-301F-11D3-BF4B-00C04F79EFBC}") = "Unity.TextMeshPro", "Unity.TextMeshPro.Player.csproj", "{1B9F8C94-F071-52C4-B9B1-FCD75ED3B027}"
EndProject
Global
	GlobalSection(SolutionConfigurationPlatforms) = preSolution
		Debug|Any CPU = Debug|Any CPU
		Release|Any CPU = Release|Any CPU
	EndGlobalSection
	GlobalSection(ProjectConfigurationPlatforms) = postSolution
		{6F96E770-35EE-E5FD-80D2-1A2D487C5EB2}.Debug|Any CPU.ActiveCfg = Debug|Any CPU
		{6F96E770-35EE-E5FD-80D2-1A2D487C5EB2}.Debug|Any CPU.Build.0 = Debug|Any CPU
		{6F96E770-35EE-E5FD-80D2-1A2D487C5EB2}.Release|Any CPU.ActiveCfg = Release|Any CPU
		{6F96E770-35EE-E5FD-80D2-1A2D487C5EB2}.Release|Any CPU.Build.0 = Release|Any CPU
		{77BB0C59-6EDF-441D-78FC-8511ED0AC6CC}.Debug|Any CPU.ActiveCfg = Debug|Any CPU
		{77BB0C59-6EDF-441D-78FC-8511ED0AC6CC}.Debug|Any CPU.Build.0 = Debug|Any CPU
		{77BB0C59-6EDF-441D-78FC-8511ED0AC6CC}.Release|Any CPU.ActiveCfg = Release|Any CPU
		{77BB0C59-6EDF-441D-78FC-8511ED0AC6CC}.Release|Any CPU.Build.0 = Release|Any CPU
		{8CB81505-3B42-77A2-FC73-F105F33F134E}.Debug|Any CPU.ActiveCfg = Debug|Any CPU
		{8CB81505-3B42-77A2-FC73-F105F33F134E}.Debug|Any CPU.Build.0 = Debug|Any CPU
		{8CB81505-3B42-77A2-FC73-F105F33F134E}.Release|Any CPU.ActiveCfg = Release|Any CPU
		{8CB81505-3B42-77A2-FC73-F105F33F134E}.Release|Any CPU.Build.0 = Release|Any CPU
		{E990DED0-D259-90C1-297A-959222D59E53}.Debug|Any CPU.ActiveCfg = Debug|Any CPU
		{E990DED0-D259-90C1-297A-959222D59E53}.Debug|Any CPU.Build.0 = Debug|Any CPU
		{E990DED0-D259-90C1-297A-959222D59E53}.Release|Any CPU.ActiveCfg = Release|Any CPU
		{E990DED0-D259-90C1-297A-959222D59E53}.Release|Any CPU.Build.0 = Release|Any CPU
		{23B44E36-E8F8-35E2-1AB8-E2864655F1AB}.Debug|Any CPU.ActiveCfg = Debug|Any CPU
		{23B44E36-E8F8-35E2-1AB8-E2864655F1AB}.Debug|Any CPU.Build.0 = Debug|Any CPU
		{23B44E36-E8F8-35E2-1AB8-E2864655F1AB}.Release|Any CPU.ActiveCfg = Release|Any CPU
		{23B44E36-E8F8-35E2-1AB8-E2864655F1AB}.Release|Any CPU.Build.0 = Release|Any CPU
		{DAED02CB-8B63-26CC-B1A5-7D72A50E53A4}.Debug|Any CPU.ActiveCfg = Debug|Any CPU
		{DAED02CB-8B63-26CC-B1A5-7D72A50E53A4}.Debug|Any CPU.Build.0 = Debug|Any CPU
		{DAED02CB-8B63-26CC-B1A5-7D72A50E53A4}.Release|Any CPU.ActiveCfg = Release|Any CPU
		{DAED02CB-8B63-26CC-B1A5-7D72A50E53A4}.Release|Any CPU.Build.0 = Release|Any CPU
		{DFA3C4C9-887E-96A5-766B-FE49DC1B8F01}.Debug|Any CPU.ActiveCfg = Debug|Any CPU
		{DFA3C4C9-887E-96A5-766B-FE49DC1B8F01}.Debug|Any CPU.Build.0 = Debug|Any CPU
		{DFA3C4C9-887E-96A5-766B-FE49DC1B8F01}.Release|Any CPU.ActiveCfg = Release|Any CPU
		{DFA3C4C9-887E-96A5-766B-FE49DC1B8F01}.Release|Any CPU.Build.0 = Release|Any CPU
		{A12AA1D4-4D81-0920-6554-870E6C5EADAB}.Debug|Any CPU.ActiveCfg = Debug|Any CPU
		{A12AA1D4-4D81-0920-6554-870E6C5EADAB}.Debug|Any CPU.Build.0 = Debug|Any CPU
		{A12AA1D4-4D81-0920-6554-870E6C5EADAB}.Release|Any CPU.ActiveCfg = Release|Any CPU
		{A12AA1D4-4D81-0920-6554-870E6C5EADAB}.Release|Any CPU.Build.0 = Release|Any CPU
		{DBC752B0-776E-BCDA-ADCF-8460022AA68F}.Debug|Any CPU.ActiveCfg = Debug|Any CPU
		{DBC752B0-776E-BCDA-ADCF-8460022AA68F}.Debug|Any CPU.Build.0 = Debug|Any CPU
		{DBC752B0-776E-BCDA-ADCF-8460022AA68F}.Release|Any CPU.ActiveCfg = Release|Any CPU
		{DBC752B0-776E-BCDA-ADCF-8460022AA68F}.Release|Any CPU.Build.0 = Release|Any CPU
		{C6D46E3A-3D32-F695-F073-C59D6DDF9D0D}.Debug|Any CPU.ActiveCfg = Debug|Any CPU
		{C6D46E3A-3D32-F695-F073-C59D6DDF9D0D}.Debug|Any CPU.Build.0 = Debug|Any CPU
		{C6D46E3A-3D32-F695-F073-C59D6DDF9D0D}.Release|Any CPU.ActiveCfg = Release|Any CPU
		{C6D46E3A-3D32-F695-F073-C59D6DDF9D0D}.Release|Any CPU.Build.0 = Release|Any CPU
		{14205527-4253-255D-6DE8-5E053074FA0B}.Debug|Any CPU.ActiveCfg = Debug|Any CPU
		{14205527-4253-255D-6DE8-5E053074FA0B}.Debug|Any CPU.Build.0 = Debug|Any CPU
		{14205527-4253-255D-6DE8-5E053074FA0B}.Release|Any CPU.ActiveCfg = Release|Any CPU
		{14205527-4253-255D-6DE8-5E053074FA0B}.Release|Any CPU.Build.0 = Release|Any CPU
		{5A8574ED-81C4-69F4-82CA-227E1277306E}.Debug|Any CPU.ActiveCfg = Debug|Any CPU
		{5A8574ED-81C4-69F4-82CA-227E1277306E}.Debug|Any CPU.Build.0 = Debug|Any CPU
		{5A8574ED-81C4-69F4-82CA-227E1277306E}.Release|Any CPU.ActiveCfg = Release|Any CPU
		{5A8574ED-81C4-69F4-82CA-227E1277306E}.Release|Any CPU.Build.0 = Release|Any CPU
		{90AFC353-E438-E5D1-2FF0-94CED7397A71}.Debug|Any CPU.ActiveCfg = Debug|Any CPU
		{90AFC353-E438-E5D1-2FF0-94CED7397A71}.Debug|Any CPU.Build.0 = Debug|Any CPU
		{90AFC353-E438-E5D1-2FF0-94CED7397A71}.Release|Any CPU.ActiveCfg = Release|Any CPU
		{90AFC353-E438-E5D1-2FF0-94CED7397A71}.Release|Any CPU.Build.0 = Release|Any CPU
		{A4863BC1-50A1-8E4E-EC76-9EB6BBDE0D67}.Debug|Any CPU.ActiveCfg = Debug|Any CPU
		{A4863BC1-50A1-8E4E-EC76-9EB6BBDE0D67}.Debug|Any CPU.Build.0 = Debug|Any CPU
		{A4863BC1-50A1-8E4E-EC76-9EB6BBDE0D67}.Release|Any CPU.ActiveCfg = Release|Any CPU
		{A4863BC1-50A1-8E4E-EC76-9EB6BBDE0D67}.Release|Any CPU.Build.0 = Release|Any CPU
		{CBCAA174-BA5E-C0CE-A999-F13361262A84}.Debug|Any CPU.ActiveCfg = Debug|Any CPU
		{CBCAA174-BA5E-C0CE-A999-F13361262A84}.Debug|Any CPU.Build.0 = Debug|Any CPU
		{CBCAA174-BA5E-C0CE-A999-F13361262A84}.Release|Any CPU.ActiveCfg = Release|Any CPU
		{CBCAA174-BA5E-C0CE-A999-F13361262A84}.Release|Any CPU.Build.0 = Release|Any CPU
		{2DE0651E-4254-D600-51AC-281DD47CB680}.Debug|Any CPU.ActiveCfg = Debug|Any CPU
		{2DE0651E-4254-D600-51AC-281DD47CB680}.Debug|Any CPU.Build.0 = Debug|Any CPU
		{2DE0651E-4254-D600-51AC-281DD47CB680}.Release|Any CPU.ActiveCfg = Release|Any CPU
		{2DE0651E-4254-D600-51AC-281DD47CB680}.Release|Any CPU.Build.0 = Release|Any CPU
		{1B9F8C94-F071-52C4-B9B1-FCD75ED3B027}.Debug|Any CPU.ActiveCfg = Debug|Any CPU
		{1B9F8C94-F071-52C4-B9B1-FCD75ED3B027}.Debug|Any CPU.Build.0 = Debug|Any CPU
		{1B9F8C94-F071-52C4-B9B1-FCD75ED3B027}.Release|Any CPU.ActiveCfg = Release|Any CPU
		{1B9F8C94-F071-52C4-B9B1-FCD75ED3B027}.Release|Any CPU.Build.0 = Release|Any CPU
	EndGlobalSection
	GlobalSection(SolutionProperties) = preSolution
		HideSolutionNode = FALSE
	EndGlobalSection
EndGlobal
